
Microsoft Visual Studio Solution File, Format Version 11.00
# Visual Studio 2010
Project("{2150E333-8FDC-42A3-9474-1A3956D46DE8}") = "Domain", "Domain", "{6B604586-19AA-4B25-AF72-0D32D3DD9FD8}"
EndProject
Project("{2150E333-8FDC-42A3-9474-1A3956D46DE8}") = "Infrastructure", "Infrastructure", "{72CA93F7-64DB-41D6-8840-01CC4D62FAEC}"
EndProject
Project("{2150E333-8FDC-42A3-9474-1A3956D46DE8}") = "Application", "Application", "{FA697639-EBAB-4C8D-B833-F38D8DDDBB3B}"
EndProject
Project("{2150E333-8FDC-42A3-9474-1A3956D46DE8}") = "Distributed Service", "Distributed Service", "{015C6C84-1D7A-4355-B4A1-33333412B123}"
EndProject
Project("{2150E333-8FDC-42A3-9474-1A3956D46DE8}") = "User Interface", "User Interface", "{D20852EC-1C08-4CA5-92D3-42A37625152C}"
EndProject
Project("{FAE04EC0-301F-11D3-BF4B-00C04F79EFBC}") = "experienciacessivel.domain", "experienciacessivel.domain\experienciacessivel.domain.csproj", "{54E3C4C5-34EE-488D-8336-D0856A4D4BAF}"
EndProject
Project("{FAE04EC0-301F-11D3-BF4B-00C04F79EFBC}") = "experienciacessivel.domain.mainbc", "experienciacessivel.domain.mainbc\experienciacessivel.domain.mainbc.csproj", "{B012320C-5DEB-45A4-8EE6-7FB51AD48060}"
EndProject
Project("{FAE04EC0-301F-11D3-BF4B-00C04F79EFBC}") = "experienciacessivel.infrastructure.data", "experienciacessivel.infrastructure.data\experienciacessivel.infrastructure.data.csproj", "{0D277E1D-2919-437F-A204-5765608347B6}"
EndProject
Project("{FAE04EC0-301F-11D3-BF4B-00C04F79EFBC}") = "experienciacessivel.infrastructure.crosscutting", "experienciacessivel.infrastructure.crosscutting\experienciacessivel.infrastructure.crosscutting.csproj", "{1100DF44-D16E-4AF3-A22C-D309D5C80B0F}"
EndProject
Project("{FAE04EC0-301F-11D3-BF4B-00C04F79EFBC}") = "experienciacessivel.infrastructure.impl", "experienciacessivel.infrastructure.impl\experienciacessivel.infrastructure.impl.csproj", "{6385B198-4B8F-4B23-A11A-3429066BD2F9}"
EndProject
Global
	GlobalSection(SolutionConfigurationPlatforms) = preSolution
		Debug|Any CPU = Debug|Any CPU
		Release|Any CPU = Release|Any CPU
	EndGlobalSection
	GlobalSection(ProjectConfigurationPlatforms) = postSolution
		{54E3C4C5-34EE-488D-8336-D0856A4D4BAF}.Debug|Any CPU.ActiveCfg = Debug|Any CPU
		{54E3C4C5-34EE-488D-8336-D0856A4D4BAF}.Debug|Any CPU.Build.0 = Debug|Any CPU
		{54E3C4C5-34EE-488D-8336-D0856A4D4BAF}.Release|Any CPU.ActiveCfg = Release|Any CPU
		{54E3C4C5-34EE-488D-8336-D0856A4D4BAF}.Release|Any CPU.Build.0 = Release|Any CPU
		{B012320C-5DEB-45A4-8EE6-7FB51AD48060}.Debug|Any CPU.ActiveCfg = Debug|Any CPU
		{B012320C-5DEB-45A4-8EE6-7FB51AD48060}.Debug|Any CPU.Build.0 = Debug|Any CPU
		{B012320C-5DEB-45A4-8EE6-7FB51AD48060}.Release|Any CPU.ActiveCfg = Release|Any CPU
		{B012320C-5DEB-45A4-8EE6-7FB51AD48060}.Release|Any CPU.Build.0 = Release|Any CPU
		{0D277E1D-2919-437F-A204-5765608347B6}.Debug|Any CPU.ActiveCfg = Debug|Any CPU
		{0D277E1D-2919-437F-A204-5765608347B6}.Debug|Any CPU.Build.0 = Debug|Any CPU
		{0D277E1D-2919-437F-A204-5765608347B6}.Release|Any CPU.ActiveCfg = Release|Any CPU
		{0D277E1D-2919-437F-A204-5765608347B6}.Release|Any CPU.Build.0 = Release|Any CPU
		{1100DF44-D16E-4AF3-A22C-D309D5C80B0F}.Debug|Any CPU.ActiveCfg = Debug|Any CPU
		{1100DF44-D16E-4AF3-A22C-D309D5C80B0F}.Debug|Any CPU.Build.0 = Debug|Any CPU
		{1100DF44-D16E-4AF3-A22C-D309D5C80B0F}.Release|Any CPU.ActiveCfg = Release|Any CPU
		{1100DF44-D16E-4AF3-A22C-D309D5C80B0F}.Release|Any CPU.Build.0 = Release|Any CPU
		{6385B198-4B8F-4B23-A11A-3429066BD2F9}.Debug|Any CPU.ActiveCfg = Debug|Any CPU
		{6385B198-4B8F-4B23-A11A-3429066BD2F9}.Debug|Any CPU.Build.0 = Debug|Any CPU
		{6385B198-4B8F-4B23-A11A-3429066BD2F9}.Release|Any CPU.ActiveCfg = Release|Any CPU
		{6385B198-4B8F-4B23-A11A-3429066BD2F9}.Release|Any CPU.Build.0 = Release|Any CPU
	EndGlobalSection
	GlobalSection(SolutionProperties) = preSolution
		HideSolutionNode = FALSE
	EndGlobalSection
	GlobalSection(NestedProjects) = preSolution
		{54E3C4C5-34EE-488D-8336-D0856A4D4BAF} = {6B604586-19AA-4B25-AF72-0D32D3DD9FD8}
		{B012320C-5DEB-45A4-8EE6-7FB51AD48060} = {6B604586-19AA-4B25-AF72-0D32D3DD9FD8}
		{0D277E1D-2919-437F-A204-5765608347B6} = {72CA93F7-64DB-41D6-8840-01CC4D62FAEC}
		{1100DF44-D16E-4AF3-A22C-D309D5C80B0F} = {72CA93F7-64DB-41D6-8840-01CC4D62FAEC}
		{6385B198-4B8F-4B23-A11A-3429066BD2F9} = {72CA93F7-64DB-41D6-8840-01CC4D62FAEC}
	EndGlobalSection
EndGlobal
